// !$*UTF8*$!
{
	archiveVersion = 1;
	classes = {
	};
	objectVersion = 55;
	objects = {

/* Begin PBXBuildFile section */
		A54EC18E2872C044001ECA33 /* ModelData.swift in Sources */ = {isa = PBXBuildFile; fileRef = A54EC18D2872C044001ECA33 /* ModelData.swift */; };
		A54EC18F2872C044001ECA33 /* ModelData.swift in Sources */ = {isa = PBXBuildFile; fileRef = A54EC18D2872C044001ECA33 /* ModelData.swift */; };
		A54EC1942872D2FB001ECA33 /* LandmarkRow.swift in Sources */ = {isa = PBXBuildFile; fileRef = A54EC1932872D2FB001ECA33 /* LandmarkRow.swift */; };
		A54EC1952872D2FB001ECA33 /* LandmarkRow.swift in Sources */ = {isa = PBXBuildFile; fileRef = A54EC1932872D2FB001ECA33 /* LandmarkRow.swift */; };
		A5AB23F12874183400BDE923 /* LandmarkList.swift in Sources */ = {isa = PBXBuildFile; fileRef = A5AB23F02874183400BDE923 /* LandmarkList.swift */; };
		A5AB23F22874183400BDE923 /* LandmarkList.swift in Sources */ = {isa = PBXBuildFile; fileRef = A5AB23F02874183400BDE923 /* LandmarkList.swift */; };
		A5E4EE8A287DA67500ABF12B /* LandmarkDetail.swift in Sources */ = {isa = PBXBuildFile; fileRef = A5E4EE89287DA67500ABF12B /* LandmarkDetail.swift */; };
		A5E4EE8B287DA67500ABF12B /* LandmarkDetail.swift in Sources */ = {isa = PBXBuildFile; fileRef = A5E4EE89287DA67500ABF12B /* LandmarkDetail.swift */; };
		A5F094712866B9C7004D2B77 /* Tests_iOS.swift in Sources */ = {isa = PBXBuildFile; fileRef = A5F094702866B9C7004D2B77 /* Tests_iOS.swift */; };
		A5F094732866B9C7004D2B77 /* Tests_iOSLaunchTests.swift in Sources */ = {isa = PBXBuildFile; fileRef = A5F094722866B9C7004D2B77 /* Tests_iOSLaunchTests.swift */; };
		A5F0947D2866B9C7004D2B77 /* Tests_macOS.swift in Sources */ = {isa = PBXBuildFile; fileRef = A5F0947C2866B9C7004D2B77 /* Tests_macOS.swift */; };
		A5F0947F2866B9C7004D2B77 /* Tests_macOSLaunchTests.swift in Sources */ = {isa = PBXBuildFile; fileRef = A5F0947E2866B9C7004D2B77 /* Tests_macOSLaunchTests.swift */; };
		A5F094802866B9C7004D2B77 /* MyTestAppApp.swift in Sources */ = {isa = PBXBuildFile; fileRef = A5F094582866B9C6004D2B77 /* MyTestAppApp.swift */; };
		A5F094812866B9C7004D2B77 /* MyTestAppApp.swift in Sources */ = {isa = PBXBuildFile; fileRef = A5F094582866B9C6004D2B77 /* MyTestAppApp.swift */; };
		A5F094822866B9C7004D2B77 /* ContentView.swift in Sources */ = {isa = PBXBuildFile; fileRef = A5F094592866B9C6004D2B77 /* ContentView.swift */; };
		A5F094832866B9C7004D2B77 /* ContentView.swift in Sources */ = {isa = PBXBuildFile; fileRef = A5F094592866B9C6004D2B77 /* ContentView.swift */; };
		A5F094842866B9C7004D2B77 /* Assets.xcassets in Resources */ = {isa = PBXBuildFile; fileRef = A5F0945A2866B9C7004D2B77 /* Assets.xcassets */; };
		A5F094852866B9C7004D2B77 /* Assets.xcassets in Resources */ = {isa = PBXBuildFile; fileRef = A5F0945A2866B9C7004D2B77 /* Assets.xcassets */; };
		A5F0DE94286D909000A09771 /* CircleImage.swift in Sources */ = {isa = PBXBuildFile; fileRef = A5F0DE93286D909000A09771 /* CircleImage.swift */; };
		A5F0DE95286D909000A09771 /* CircleImage.swift in Sources */ = {isa = PBXBuildFile; fileRef = A5F0DE93286D909000A09771 /* CircleImage.swift */; };
		A5F0DE97286D917700A09771 /* MapView.swift in Sources */ = {isa = PBXBuildFile; fileRef = A5F0DE96286D917700A09771 /* MapView.swift */; };
		A5F0DE98286D917700A09771 /* MapView.swift in Sources */ = {isa = PBXBuildFile; fileRef = A5F0DE96286D917700A09771 /* MapView.swift */; };
		A5F0DE9A286DAA6900A09771 /* landmarkData.json in Resources */ = {isa = PBXBuildFile; fileRef = A5F0DE99286DAA6900A09771 /* landmarkData.json */; };
		A5F0DE9B286DAA6900A09771 /* landmarkData.json in Resources */ = {isa = PBXBuildFile; fileRef = A5F0DE99286DAA6900A09771 /* landmarkData.json */; };
		A5F0DE9D286DAB2C00A09771 /* Landmark.swift in Sources */ = {isa = PBXBuildFile; fileRef = A5F0DE9C286DAB2C00A09771 /* Landmark.swift */; };
		A5F0DE9E286DAB2C00A09771 /* Landmark.swift in Sources */ = {isa = PBXBuildFile; fileRef = A5F0DE9C286DAB2C00A09771 /* Landmark.swift */; };
/* End PBXBuildFile section */

/* Begin PBXContainerItemProxy section */
		A5F0946D2866B9C7004D2B77 /* PBXContainerItemProxy */ = {
			isa = PBXContainerItemProxy;
			containerPortal = A5F094532866B9C6004D2B77 /* Project object */;
			proxyType = 1;
			remoteGlobalIDString = A5F0945E2866B9C7004D2B77;
			remoteInfo = "MyTestApp (iOS)";
		};
		A5F094792866B9C7004D2B77 /* PBXContainerItemProxy */ = {
			isa = PBXContainerItemProxy;
			containerPortal = A5F094532866B9C6004D2B77 /* Project object */;
			proxyType = 1;
			remoteGlobalIDString = A5F094642866B9C7004D2B77;
			remoteInfo = "MyTestApp (macOS)";
		};
/* End PBXContainerItemProxy section */

/* Begin PBXFileReference section */
		A54EC18D2872C044001ECA33 /* ModelData.swift */ = {isa = PBXFileReference; lastKnownFileType = sourcecode.swift; path = ModelData.swift; sourceTree = "<group>"; };
		A54EC1932872D2FB001ECA33 /* LandmarkRow.swift */ = {isa = PBXFileReference; lastKnownFileType = sourcecode.swift; path = LandmarkRow.swift; sourceTree = "<group>"; };
		A5AB23F02874183400BDE923 /* LandmarkList.swift */ = {isa = PBXFileReference; lastKnownFileType = sourcecode.swift; path = LandmarkList.swift; sourceTree = "<group>"; };
		A5E4EE89287DA67500ABF12B /* LandmarkDetail.swift */ = {isa = PBXFileReference; lastKnownFileType = sourcecode.swift; path = LandmarkDetail.swift; sourceTree = "<group>"; };
		A5F094582866B9C6004D2B77 /* MyTestAppApp.swift */ = {isa = PBXFileReference; lastKnownFileType = sourcecode.swift; path = MyTestAppApp.swift; sourceTree = "<group>"; };
		A5F094592866B9C6004D2B77 /* ContentView.swift */ = {isa = PBXFileReference; lastKnownFileType = sourcecode.swift; path = ContentView.swift; sourceTree = "<group>"; };
		A5F0945A2866B9C7004D2B77 /* Assets.xcassets */ = {isa = PBXFileReference; lastKnownFileType = folder.assetcatalog; path = Assets.xcassets; sourceTree = "<group>"; };
		A5F0945F2866B9C7004D2B77 /* MyTestApp.app */ = {isa = PBXFileReference; explicitFileType = wrapper.application; includeInIndex = 0; path = MyTestApp.app; sourceTree = BUILT_PRODUCTS_DIR; };
		A5F094652866B9C7004D2B77 /* MyTestApp.app */ = {isa = PBXFileReference; explicitFileType = wrapper.application; includeInIndex = 0; path = MyTestApp.app; sourceTree = BUILT_PRODUCTS_DIR; };
		A5F094672866B9C7004D2B77 /* macOS.entitlements */ = {isa = PBXFileReference; lastKnownFileType = text.plist.entitlements; path = macOS.entitlements; sourceTree = "<group>"; };
		A5F0946C2866B9C7004D2B77 /* Tests iOS.xctest */ = {isa = PBXFileReference; explicitFileType = wrapper.cfbundle; includeInIndex = 0; path = "Tests iOS.xctest"; sourceTree = BUILT_PRODUCTS_DIR; };
		A5F094702866B9C7004D2B77 /* Tests_iOS.swift */ = {isa = PBXFileReference; lastKnownFileType = sourcecode.swift; path = Tests_iOS.swift; sourceTree = "<group>"; };
		A5F094722866B9C7004D2B77 /* Tests_iOSLaunchTests.swift */ = {isa = PBXFileReference; lastKnownFileType = sourcecode.swift; path = Tests_iOSLaunchTests.swift; sourceTree = "<group>"; };
		A5F094782866B9C7004D2B77 /* Tests macOS.xctest */ = {isa = PBXFileReference; explicitFileType = wrapper.cfbundle; includeInIndex = 0; path = "Tests macOS.xctest"; sourceTree = BUILT_PRODUCTS_DIR; };
		A5F0947C2866B9C7004D2B77 /* Tests_macOS.swift */ = {isa = PBXFileReference; lastKnownFileType = sourcecode.swift; path = Tests_macOS.swift; sourceTree = "<group>"; };
		A5F0947E2866B9C7004D2B77 /* Tests_macOSLaunchTests.swift */ = {isa = PBXFileReference; lastKnownFileType = sourcecode.swift; path = Tests_macOSLaunchTests.swift; sourceTree = "<group>"; };
		A5F0DE93286D909000A09771 /* CircleImage.swift */ = {isa = PBXFileReference; lastKnownFileType = sourcecode.swift; path = CircleImage.swift; sourceTree = "<group>"; };
		A5F0DE96286D917700A09771 /* MapView.swift */ = {isa = PBXFileReference; lastKnownFileType = sourcecode.swift; path = MapView.swift; sourceTree = "<group>"; };
		A5F0DE99286DAA6900A09771 /* landmarkData.json */ = {isa = PBXFileReference; fileEncoding = 4; lastKnownFileType = text.json; path = landmarkData.json; sourceTree = "<group>"; };
		A5F0DE9C286DAB2C00A09771 /* Landmark.swift */ = {isa = PBXFileReference; lastKnownFileType = sourcecode.swift; path = Landmark.swift; sourceTree = "<group>"; };
/* End PBXFileReference section */

/* Begin PBXFrameworksBuildPhase section */
		A5F0945C2866B9C7004D2B77 /* Frameworks */ = {
			isa = PBXFrameworksBuildPhase;
			buildActionMask = 2147483647;
			files = (
			);
			runOnlyForDeploymentPostprocessing = 0;
		};
		A5F094622866B9C7004D2B77 /* Frameworks */ = {
			isa = PBXFrameworksBuildPhase;
			buildActionMask = 2147483647;
			files = (
			);
			runOnlyForDeploymentPostprocessing = 0;
		};
		A5F094692866B9C7004D2B77 /* Frameworks */ = {
			isa = PBXFrameworksBuildPhase;
			buildActionMask = 2147483647;
			files = (
			);
			runOnlyForDeploymentPostprocessing = 0;
		};
		A5F094752866B9C7004D2B77 /* Frameworks */ = {
			isa = PBXFrameworksBuildPhase;
			buildActionMask = 2147483647;
			files = (
			);
			runOnlyForDeploymentPostprocessing = 0;
		};
/* End PBXFrameworksBuildPhase section */

/* Begin PBXGroup section */
		A54EC1902872D255001ECA33 /* Views */ = {
			isa = PBXGroup;
			children = (
				A5F094592866B9C6004D2B77 /* ContentView.swift */,
				A5F0DE93286D909000A09771 /* CircleImage.swift */,
				A5F0DE96286D917700A09771 /* MapView.swift */,
				A54EC1932872D2FB001ECA33 /* LandmarkRow.swift */,
				A5AB23F02874183400BDE923 /* LandmarkList.swift */,
				A5E4EE89287DA67500ABF12B /* LandmarkDetail.swift */,
			);
			path = Views;
			sourceTree = "<group>";
		};
		A54EC1912872D26E001ECA33 /* Model */ = {
			isa = PBXGroup;
			children = (
				A5F0DE9C286DAB2C00A09771 /* Landmark.swift */,
				A54EC18D2872C044001ECA33 /* ModelData.swift */,
			);
			path = Model;
			sourceTree = "<group>";
		};
		A54EC1922872D282001ECA33 /* Resources */ = {
			isa = PBXGroup;
			children = (
				A5F0DE99286DAA6900A09771 /* landmarkData.json */,
			);
			path = Resources;
			sourceTree = "<group>";
		};
		A5F094522866B9C6004D2B77 = {
			isa = PBXGroup;
			children = (
				A5F094572866B9C6004D2B77 /* Shared */,
				A5F094662866B9C7004D2B77 /* macOS */,
				A5F0946F2866B9C7004D2B77 /* Tests iOS */,
				A5F0947B2866B9C7004D2B77 /* Tests macOS */,
				A5F094602866B9C7004D2B77 /* Products */,
			);
			sourceTree = "<group>";
		};
		A5F094572866B9C6004D2B77 /* Shared */ = {
			isa = PBXGroup;
			children = (
				A5F094582866B9C6004D2B77 /* MyTestAppApp.swift */,
				A5F0945A2866B9C7004D2B77 /* Assets.xcassets */,
				A54EC1922872D282001ECA33 /* Resources */,
				A54EC1912872D26E001ECA33 /* Model */,
				A54EC1902872D255001ECA33 /* Views */,
			);
			path = Shared;
			sourceTree = "<group>";
		};
		A5F094602866B9C7004D2B77 /* Products */ = {
			isa = PBXGroup;
			children = (
				A5F0945F2866B9C7004D2B77 /* MyTestApp.app */,
				A5F094652866B9C7004D2B77 /* MyTestApp.app */,
				A5F0946C2866B9C7004D2B77 /* Tests iOS.xctest */,
				A5F094782866B9C7004D2B77 /* Tests macOS.xctest */,
			);
			name = Products;
			sourceTree = "<group>";
		};
		A5F094662866B9C7004D2B77 /* macOS */ = {
			isa = PBXGroup;
			children = (
				A5F094672866B9C7004D2B77 /* macOS.entitlements */,
			);
			path = macOS;
			sourceTree = "<group>";
		};
		A5F0946F2866B9C7004D2B77 /* Tests iOS */ = {
			isa = PBXGroup;
			children = (
				A5F094702866B9C7004D2B77 /* Tests_iOS.swift */,
				A5F094722866B9C7004D2B77 /* Tests_iOSLaunchTests.swift */,
			);
			path = "Tests iOS";
			sourceTree = "<group>";
		};
		A5F0947B2866B9C7004D2B77 /* Tests macOS */ = {
			isa = PBXGroup;
			children = (
				A5F0947C2866B9C7004D2B77 /* Tests_macOS.swift */,
				A5F0947E2866B9C7004D2B77 /* Tests_macOSLaunchTests.swift */,
			);
			path = "Tests macOS";
			sourceTree = "<group>";
		};
/* End PBXGroup section */

/* Begin PBXNativeTarget section */
		A5F0945E2866B9C7004D2B77 /* MyTestApp (iOS) */ = {
			isa = PBXNativeTarget;
			buildConfigurationList = A5F094882866B9C7004D2B77 /* Build configuration list for PBXNativeTarget "MyTestApp (iOS)" */;
			buildPhases = (
				A5F0945B2866B9C7004D2B77 /* Sources */,
				A5F0945C2866B9C7004D2B77 /* Frameworks */,
				A5F0945D2866B9C7004D2B77 /* Resources */,
			);
			buildRules = (
			);
			dependencies = (
			);
			name = "MyTestApp (iOS)";
			productName = "MyTestApp (iOS)";
			productReference = A5F0945F2866B9C7004D2B77 /* MyTestApp.app */;
			productType = "com.apple.product-type.application";
		};
		A5F094642866B9C7004D2B77 /* MyTestApp (macOS) */ = {
			isa = PBXNativeTarget;
			buildConfigurationList = A5F0948B2866B9C7004D2B77 /* Build configuration list for PBXNativeTarget "MyTestApp (macOS)" */;
			buildPhases = (
				A5F094612866B9C7004D2B77 /* Sources */,
				A5F094622866B9C7004D2B77 /* Frameworks */,
				A5F094632866B9C7004D2B77 /* Resources */,
			);
			buildRules = (
			);
			dependencies = (
			);
			name = "MyTestApp (macOS)";
			productName = "MyTestApp (macOS)";
			productReference = A5F094652866B9C7004D2B77 /* MyTestApp.app */;
			productType = "com.apple.product-type.application";
		};
		A5F0946B2866B9C7004D2B77 /* Tests iOS */ = {
			isa = PBXNativeTarget;
			buildConfigurationList = A5F0948E2866B9C7004D2B77 /* Build configuration list for PBXNativeTarget "Tests iOS" */;
			buildPhases = (
				A5F094682866B9C7004D2B77 /* Sources */,
				A5F094692866B9C7004D2B77 /* Frameworks */,
				A5F0946A2866B9C7004D2B77 /* Resources */,
			);
			buildRules = (
			);
			dependencies = (
				A5F0946E2866B9C7004D2B77 /* PBXTargetDependency */,
			);
			name = "Tests iOS";
			productName = "Tests iOS";
			productReference = A5F0946C2866B9C7004D2B77 /* Tests iOS.xctest */;
			productType = "com.apple.product-type.bundle.ui-testing";
		};
		A5F094772866B9C7004D2B77 /* Tests macOS */ = {
			isa = PBXNativeTarget;
			buildConfigurationList = A5F094912866B9C7004D2B77 /* Build configuration list for PBXNativeTarget "Tests macOS" */;
			buildPhases = (
				A5F094742866B9C7004D2B77 /* Sources */,
				A5F094752866B9C7004D2B77 /* Frameworks */,
				A5F094762866B9C7004D2B77 /* Resources */,
			);
			buildRules = (
			);
			dependencies = (
				A5F0947A2866B9C7004D2B77 /* PBXTargetDependency */,
			);
			name = "Tests macOS";
			productName = "Tests macOS";
			productReference = A5F094782866B9C7004D2B77 /* Tests macOS.xctest */;
			productType = "com.apple.product-type.bundle.ui-testing";
		};
/* End PBXNativeTarget section */

/* Begin PBXProject section */
		A5F094532866B9C6004D2B77 /* Project object */ = {
			isa = PBXProject;
			attributes = {
				BuildIndependentTargetsInParallel = 1;
				LastSwiftUpdateCheck = 1340;
				LastUpgradeCheck = 1340;
				TargetAttributes = {
					A5F0945E2866B9C7004D2B77 = {
						CreatedOnToolsVersion = 13.4.1;
					};
					A5F094642866B9C7004D2B77 = {
						CreatedOnToolsVersion = 13.4.1;
					};
					A5F0946B2866B9C7004D2B77 = {
						CreatedOnToolsVersion = 13.4.1;
						TestTargetID = A5F0945E2866B9C7004D2B77;
					};
					A5F094772866B9C7004D2B77 = {
						CreatedOnToolsVersion = 13.4.1;
						TestTargetID = A5F094642866B9C7004D2B77;
					};
				};
			};
			buildConfigurationList = A5F094562866B9C6004D2B77 /* Build configuration list for PBXProject "MyTestApp" */;
			compatibilityVersion = "Xcode 13.0";
			developmentRegion = en;
			hasScannedForEncodings = 0;
			knownRegions = (
				en,
				Base,
			);
			mainGroup = A5F094522866B9C6004D2B77;
			productRefGroup = A5F094602866B9C7004D2B77 /* Products */;
			projectDirPath = "";
			projectRoot = "";
			targets = (
				A5F0945E2866B9C7004D2B77 /* MyTestApp (iOS) */,
				A5F094642866B9C7004D2B77 /* MyTestApp (macOS) */,
				A5F0946B2866B9C7004D2B77 /* Tests iOS */,
				A5F094772866B9C7004D2B77 /* Tests macOS */,
			);
		};
/* End PBXProject section */

/* Begin PBXResourcesBuildPhase section */
		A5F0945D2866B9C7004D2B77 /* Resources */ = {
			isa = PBXResourcesBuildPhase;
			buildActionMask = 2147483647;
			files = (
				A5F094842866B9C7004D2B77 /* Assets.xcassets in Resources */,
				A5F0DE9A286DAA6900A09771 /* landmarkData.json in Resources */,
			);
			runOnlyForDeploymentPostprocessing = 0;
		};
		A5F094632866B9C7004D2B77 /* Resources */ = {
			isa = PBXResourcesBuildPhase;
			buildActionMask = 2147483647;
			files = (
				A5F094852866B9C7004D2B77 /* Assets.xcassets in Resources */,
				A5F0DE9B286DAA6900A09771 /* landmarkData.json in Resources */,
			);
			runOnlyForDeploymentPostprocessing = 0;
		};
		A5F0946A2866B9C7004D2B77 /* Resources */ = {
			isa = PBXResourcesBuildPhase;
			buildActionMask = 2147483647;
			files = (
			);
			runOnlyForDeploymentPostprocessing = 0;
		};
		A5F094762866B9C7004D2B77 /* Resources */ = {
			isa = PBXResourcesBuildPhase;
			buildActionMask = 2147483647;
			files = (
			);
			runOnlyForDeploymentPostprocessing = 0;
		};
/* End PBXResourcesBuildPhase section */

/* Begin PBXSourcesBuildPhase section */
		A5F0945B2866B9C7004D2B77 /* Sources */ = {
			isa = PBXSourcesBuildPhase;
			buildActionMask = 2147483647;
			files = (
				A5F094822866B9C7004D2B77 /* ContentView.swift in Sources */,
				A5F0DE97286D917700A09771 /* MapView.swift in Sources */,
				A5F094802866B9C7004D2B77 /* MyTestAppApp.swift in Sources */,
				A5AB23F12874183400BDE923 /* LandmarkList.swift in Sources */,
				A5E4EE8A287DA67500ABF12B /* LandmarkDetail.swift in Sources */,
				A5F0DE94286D909000A09771 /* CircleImage.swift in Sources */,
				A5F0DE9D286DAB2C00A09771 /* Landmark.swift in Sources */,
				A54EC1942872D2FB001ECA33 /* LandmarkRow.swift in Sources */,
				A54EC18E2872C044001ECA33 /* ModelData.swift in Sources */,
			);
			runOnlyForDeploymentPostprocessing = 0;
		};
		A5F094612866B9C7004D2B77 /* Sources */ = {
			isa = PBXSourcesBuildPhase;
			buildActionMask = 2147483647;
			files = (
				A5F094832866B9C7004D2B77 /* ContentView.swift in Sources */,
				A5F0DE98286D917700A09771 /* MapView.swift in Sources */,
				A5F094812866B9C7004D2B77 /* MyTestAppApp.swift in Sources */,
				A5AB23F22874183400BDE923 /* LandmarkList.swift in Sources */,
				A5E4EE8B287DA67500ABF12B /* LandmarkDetail.swift in Sources */,
				A5F0DE95286D909000A09771 /* CircleImage.swift in Sources */,
				A5F0DE9E286DAB2C00A09771 /* Landmark.swift in Sources */,
				A54EC1952872D2FB001ECA33 /* LandmarkRow.swift in Sources */,
				A54EC18F2872C044001ECA33 /* ModelData.swift in Sources */,
			);
			runOnlyForDeploymentPostprocessing = 0;
		};
		A5F094682866B9C7004D2B77 /* Sources */ = {
			isa = PBXSourcesBuildPhase;
			buildActionMask = 2147483647;
			files = (
				A5F094732866B9C7004D2B77 /* Tests_iOSLaunchTests.swift in Sources */,
				A5F094712866B9C7004D2B77 /* Tests_iOS.swift in Sources */,
			);
			runOnlyForDeploymentPostprocessing = 0;
		};
		A5F094742866B9C7004D2B77 /* Sources */ = {
			isa = PBXSourcesBuildPhase;
			buildActionMask = 2147483647;
			files = (
				A5F0947F2866B9C7004D2B77 /* Tests_macOSLaunchTests.swift in Sources */,
				A5F0947D2866B9C7004D2B77 /* Tests_macOS.swift in Sources */,
			);
			runOnlyForDeploymentPostprocessing = 0;
		};
/* End PBXSourcesBuildPhase section */

/* Begin PBXTargetDependency section */
		A5F0946E2866B9C7004D2B77 /* PBXTargetDependency */ = {
			isa = PBXTargetDependency;
			target = A5F0945E2866B9C7004D2B77 /* MyTestApp (iOS) */;
			targetProxy = A5F0946D2866B9C7004D2B77 /* PBXContainerItemProxy */;
		};
		A5F0947A2866B9C7004D2B77 /* PBXTargetDependency */ = {
			isa = PBXTargetDependency;
			target = A5F094642866B9C7004D2B77 /* MyTestApp (macOS) */;
			targetProxy = A5F094792866B9C7004D2B77 /* PBXContainerItemProxy */;
		};
/* End PBXTargetDependency section */

/* Begin XCBuildConfiguration section */
		A5F094862866B9C7004D2B77 /* Debug */ = {
			isa = XCBuildConfiguration;
			buildSettings = {
				ALWAYS_SEARCH_USER_PATHS = NO;
				CLANG_ANALYZER_NONNULL = YES;
				CLANG_ANALYZER_NUMBER_OBJECT_CONVERSION = YES_AGGRESSIVE;
				CLANG_CXX_LANGUAGE_STANDARD = "gnu++17";
				CLANG_ENABLE_MODULES = YES;
				CLANG_ENABLE_OBJC_ARC = YES;
				CLANG_ENABLE_OBJC_WEAK = YES;
				CLANG_WARN_BLOCK_CAPTURE_AUTORELEASING = YES;
				CLANG_WARN_BOOL_CONVERSION = YES;
				CLANG_WARN_COMMA = YES;
				CLANG_WARN_CONSTANT_CONVERSION = YES;
				CLANG_WARN_DEPRECATED_OBJC_IMPLEMENTATIONS = YES;
				CLANG_WARN_DIRECT_OBJC_ISA_USAGE = YES_ERROR;
				CLANG_WARN_DOCUMENTATION_COMMENTS = YES;
				CLANG_WARN_EMPTY_BODY = YES;
				CLANG_WARN_ENUM_CONVERSION = YES;
				CLANG_WARN_INFINITE_RECURSION = YES;
				CLANG_WARN_INT_CONVERSION = YES;
				CLANG_WARN_NON_LITERAL_NULL_CONVERSION = YES;
				CLANG_WARN_OBJC_IMPLICIT_RETAIN_SELF = YES;
				CLANG_WARN_OBJC_LITERAL_CONVERSION = YES;
				CLANG_WARN_OBJC_ROOT_CLASS = YES_ERROR;
				CLANG_WARN_QUOTED_INCLUDE_IN_FRAMEWORK_HEADER = YES;
				CLANG_WARN_RANGE_LOOP_ANALYSIS = YES;
				CLANG_WARN_STRICT_PROTOTYPES = YES;
				CLANG_WARN_SUSPICIOUS_MOVE = YES;
				CLANG_WARN_UNGUARDED_AVAILABILITY = YES_AGGRESSIVE;
				CLANG_WARN_UNREACHABLE_CODE = YES;
				CLANG_WARN__DUPLICATE_METHOD_MATCH = YES;
				COPY_PHASE_STRIP = NO;
				DEBUG_INFORMATION_FORMAT = dwarf;
				ENABLE_STRICT_OBJC_MSGSEND = YES;
				ENABLE_TESTABILITY = YES;
				GCC_C_LANGUAGE_STANDARD = gnu11;
				GCC_DYNAMIC_NO_PIC = NO;
				GCC_NO_COMMON_BLOCKS = YES;
				GCC_OPTIMIZATION_LEVEL = 0;
				GCC_PREPROCESSOR_DEFINITIONS = (
					"DEBUG=1",
					"$(inherited)",
				);
				GCC_WARN_64_TO_32_BIT_CONVERSION = YES;
				GCC_WARN_ABOUT_RETURN_TYPE = YES_ERROR;
				GCC_WARN_UNDECLARED_SELECTOR = YES;
				GCC_WARN_UNINITIALIZED_AUTOS = YES_AGGRESSIVE;
				GCC_WARN_UNUSED_FUNCTION = YES;
				GCC_WARN_UNUSED_VARIABLE = YES;
				MTL_ENABLE_DEBUG_INFO = INCLUDE_SOURCE;
				MTL_FAST_MATH = YES;
				ONLY_ACTIVE_ARCH = YES;
				SWIFT_ACTIVE_COMPILATION_CONDITIONS = DEBUG;
				SWIFT_OPTIMIZATION_LEVEL = "-Onone";
			};
			name = Debug;
		};
		A5F094872866B9C7004D2B77 /* Release */ = {
			isa = XCBuildConfiguration;
			buildSettings = {
				ALWAYS_SEARCH_USER_PATHS = NO;
				CLANG_ANALYZER_NONNULL = YES;
				CLANG_ANALYZER_NUMBER_OBJECT_CONVERSION = YES_AGGRESSIVE;
				CLANG_CXX_LANGUAGE_STANDARD = "gnu++17";
				CLANG_ENABLE_MODULES = YES;
				CLANG_ENABLE_OBJC_ARC = YES;
				CLANG_ENABLE_OBJC_WEAK = YES;
				CLANG_WARN_BLOCK_CAPTURE_AUTORELEASING = YES;
				CLANG_WARN_BOOL_CONVERSION = YES;
				CLANG_WARN_COMMA = YES;
				CLANG_WARN_CONSTANT_CONVERSION = YES;
				CLANG_WARN_DEPRECATED_OBJC_IMPLEMENTATIONS = YES;
				CLANG_WARN_DIRECT_OBJC_ISA_USAGE = YES_ERROR;
				CLANG_WARN_DOCUMENTATION_COMMENTS = YES;
				CLANG_WARN_EMPTY_BODY = YES;
				CLANG_WARN_ENUM_CONVERSION = YES;
				CLANG_WARN_INFINITE_RECURSION = YES;
				CLANG_WARN_INT_CONVERSION = YES;
				CLANG_WARN_NON_LITERAL_NULL_CONVERSION = YES;
				CLANG_WARN_OBJC_IMPLICIT_RETAIN_SELF = YES;
				CLANG_WARN_OBJC_LITERAL_CONVERSION = YES;
				CLANG_WARN_OBJC_ROOT_CLASS = YES_ERROR;
				CLANG_WARN_QUOTED_INCLUDE_IN_FRAMEWORK_HEADER = YES;
				CLANG_WARN_RANGE_LOOP_ANALYSIS = YES;
				CLANG_WARN_STRICT_PROTOTYPES = YES;
				CLANG_WARN_SUSPICIOUS_MOVE = YES;
				CLANG_WARN_UNGUARDED_AVAILABILITY = YES_AGGRESSIVE;
				CLANG_WARN_UNREACHABLE_CODE = YES;
				CLANG_WARN__DUPLICATE_METHOD_MATCH = YES;
				COPY_PHASE_STRIP = NO;
				DEBUG_INFORMATION_FORMAT = "dwarf-with-dsym";
				ENABLE_NS_ASSERTIONS = NO;
				ENABLE_STRICT_OBJC_MSGSEND = YES;
				GCC_C_LANGUAGE_STANDARD = gnu11;
				GCC_NO_COMMON_BLOCKS = YES;
				GCC_WARN_64_TO_32_BIT_CONVERSION = YES;
				GCC_WARN_ABOUT_RETURN_TYPE = YES_ERROR;
				GCC_WARN_UNDECLARED_SELECTOR = YES;
				GCC_WARN_UNINITIALIZED_AUTOS = YES_AGGRESSIVE;
				GCC_WARN_UNUSED_FUNCTION = YES;
				GCC_WARN_UNUSED_VARIABLE = YES;
				MTL_ENABLE_DEBUG_INFO = NO;
				MTL_FAST_MATH = YES;
				SWIFT_COMPILATION_MODE = wholemodule;
				SWIFT_OPTIMIZATION_LEVEL = "-O";
			};
			name = Release;
		};
		A5F094892866B9C7004D2B77 /* Debug */ = {
			isa = XCBuildConfiguration;
			buildSettings = {
				ASSETCATALOG_COMPILER_APPICON_NAME = AppIcon;
				ASSETCATALOG_COMPILER_GLOBAL_ACCENT_COLOR_NAME = AccentColor;
				CODE_SIGN_STYLE = Automatic;
				CURRENT_PROJECT_VERSION = 1;
				ENABLE_PREVIEWS = YES;
				GENERATE_INFOPLIST_FILE = YES;
				INFOPLIST_KEY_UIApplicationSceneManifest_Generation = YES;
				INFOPLIST_KEY_UIApplicationSupportsIndirectInputEvents = YES;
				INFOPLIST_KEY_UILaunchScreen_Generation = YES;
				INFOPLIST_KEY_UISupportedInterfaceOrientations_iPad = "UIInterfaceOrientationPortrait UIInterfaceOrientationPortraitUpsideDown UIInterfaceOrientationLandscapeLeft UIInterfaceOrientationLandscapeRight";
				INFOPLIST_KEY_UISupportedInterfaceOrientations_iPhone = "UIInterfaceOrientationPortrait UIInterfaceOrientationLandscapeLeft UIInterfaceOrientationLandscapeRight";
				IPHONEOS_DEPLOYMENT_TARGET = 15.5;
				LD_RUNPATH_SEARCH_PATHS = (
					"$(inherited)",
					"@executable_path/Frameworks",
				);
				MARKETING_VERSION = 1.0;
				PRODUCT_BUNDLE_IDENTIFIER = io.github.hoeeeeeh.MyTestApp;
				PRODUCT_NAME = MyTestApp;
				SDKROOT = iphoneos;
				SWIFT_EMIT_LOC_STRINGS = YES;
				SWIFT_VERSION = 5.0;
				TARGETED_DEVICE_FAMILY = "1,2";
			};
			name = Debug;
		};
		A5F0948A2866B9C7004D2B77 /* Release */ = {
			isa = XCBuildConfiguration;
			buildSettings = {
				ASSETCATALOG_COMPILER_APPICON_NAME = AppIcon;
				ASSETCATALOG_COMPILER_GLOBAL_ACCENT_COLOR_NAME = AccentColor;
				CODE_SIGN_STYLE = Automatic;
				CURRENT_PROJECT_VERSION = 1;
				ENABLE_PREVIEWS = YES;
				GENERATE_INFOPLIST_FILE = YES;
				INFOPLIST_KEY_UIApplicationSceneManifest_Generation = YES;
				INFOPLIST_KEY_UIApplicationSupportsIndirectInputEvents = YES;
				INFOPLIST_KEY_UILaunchScreen_Generation = YES;
				INFOPLIST_KEY_UISupportedInterfaceOrientations_iPad = "UIInterfaceOrientationPortrait UIInterfaceOrientationPortraitUpsideDown UIInterfaceOrientationLandscapeLeft UIInterfaceOrientationLandscapeRight";
				INFOPLIST_KEY_UISupportedInterfaceOrientations_iPhone = "UIInterfaceOrientationPortrait UIInterfaceOrientationLandscapeLeft UIInterfaceOrientationLandscapeRight";
				IPHONEOS_DEPLOYMENT_TARGET = 15.5;
				LD_RUNPATH_SEARCH_PATHS = (
					"$(inherited)",
					"@executable_path/Frameworks",
				);
				MARKETING_VERSION = 1.0;
				PRODUCT_BUNDLE_IDENTIFIER = io.github.hoeeeeeh.MyTestApp;
				PRODUCT_NAME = MyTestApp;
				SDKROOT = iphoneos;
				SWIFT_EMIT_LOC_STRINGS = YES;
				SWIFT_VERSION = 5.0;
				TARGETED_DEVICE_FAMILY = "1,2";
				VALIDATE_PRODUCT = YES;
			};
			name = Release;
		};
		A5F0948C2866B9C7004D2B77 /* Debug */ = {
			isa = XCBuildConfiguration;
			buildSettings = {
				ASSETCATALOG_COMPILER_APPICON_NAME = AppIcon;
				ASSETCATALOG_COMPILER_GLOBAL_ACCENT_COLOR_NAME = AccentColor;
				CODE_SIGN_ENTITLEMENTS = macOS/macOS.entitlements;
				CODE_SIGN_STYLE = Automatic;
				COMBINE_HIDPI_IMAGES = YES;
				CURRENT_PROJECT_VERSION = 1;
				ENABLE_PREVIEWS = YES;
				GENERATE_INFOPLIST_FILE = YES;
				INFOPLIST_KEY_NSHumanReadableCopyright = "";
				LD_RUNPATH_SEARCH_PATHS = (
					"$(inherited)",
					"@executable_path/../Frameworks",
				);
				MACOSX_DEPLOYMENT_TARGET = 12.3;
				MARKETING_VERSION = 1.0;
				PRODUCT_BUNDLE_IDENTIFIER = io.github.hoeeeeeh.MyTestApp;
				PRODUCT_NAME = MyTestApp;
				SDKROOT = macosx;
				SWIFT_EMIT_LOC_STRINGS = YES;
				SWIFT_VERSION = 5.0;
			};
			name = Debug;
		};
		A5F0948D2866B9C7004D2B77 /* Release */ = {
			isa = XCBuildConfiguration;
			buildSettings = {
				ASSETCATALOG_COMPILER_APPICON_NAME = AppIcon;
				ASSETCATALOG_COMPILER_GLOBAL_ACCENT_COLOR_NAME = AccentColor;
				CODE_SIGN_ENTITLEMENTS = macOS/macOS.entitlements;
				CODE_SIGN_STYLE = Automatic;
				COMBINE_HIDPI_IMAGES = YES;
				CURRENT_PROJECT_VERSION = 1;
				ENABLE_PREVIEWS = YES;
				GENERATE_INFOPLIST_FILE = YES;
				INFOPLIST_KEY_NSHumanReadableCopyright = "";
				LD_RUNPATH_SEARCH_PATHS = (
					"$(inherited)",
					"@executable_path/../Frameworks",
				);
				MACOSX_DEPLOYMENT_TARGET = 12.3;
				MARKETING_VERSION = 1.0;
				PRODUCT_BUNDLE_IDENTIFIER = io.github.hoeeeeeh.MyTestApp;
				PRODUCT_NAME = MyTestApp;
				SDKROOT = macosx;
				SWIFT_EMIT_LOC_STRINGS = YES;
				SWIFT_VERSION = 5.0;
			};
			name = Release;
		};
		A5F0948F2866B9C7004D2B77 /* Debug */ = {
			isa = XCBuildConfiguration;
			buildSettings = {
				ALWAYS_EMBED_SWIFT_STANDARD_LIBRARIES = YES;
				CODE_SIGN_STYLE = Automatic;
				CURRENT_PROJECT_VERSION = 1;
				GENERATE_INFOPLIST_FILE = YES;
				IPHONEOS_DEPLOYMENT_TARGET = 15.5;
				MARKETING_VERSION = 1.0;
				PRODUCT_BUNDLE_IDENTIFIER = "io.github.hoeeeeeh.Tests-iOS";
				PRODUCT_NAME = "$(TARGET_NAME)";
				SDKROOT = iphoneos;
				SWIFT_EMIT_LOC_STRINGS = NO;
				SWIFT_VERSION = 5.0;
				TARGETED_DEVICE_FAMILY = "1,2";
				TEST_TARGET_NAME = "MyTestApp (iOS)";
			};
			name = Debug;
		};
		A5F094902866B9C7004D2B77 /* Release */ = {
			isa = XCBuildConfiguration;
			buildSettings = {
				ALWAYS_EMBED_SWIFT_STANDARD_LIBRARIES = YES;
				CODE_SIGN_STYLE = Automatic;
				CURRENT_PROJECT_VERSION = 1;
				GENERATE_INFOPLIST_FILE = YES;
				IPHONEOS_DEPLOYMENT_TARGET = 15.5;
				MARKETING_VERSION = 1.0;
				PRODUCT_BUNDLE_IDENTIFIER = "io.github.hoeeeeeh.Tests-iOS";
				PRODUCT_NAME = "$(TARGET_NAME)";
				SDKROOT = iphoneos;
				SWIFT_EMIT_LOC_STRINGS = NO;
				SWIFT_VERSION = 5.0;
				TARGETED_DEVICE_FAMILY = "1,2";
				TEST_TARGET_NAME = "MyTestApp (iOS)";
				VALIDATE_PRODUCT = YES;
			};
			name = Release;
		};
		A5F094922866B9C7004D2B77 /* Debug */ = {
			isa = XCBuildConfiguration;
			buildSettings = {
				ALWAYS_EMBED_SWIFT_STANDARD_LIBRARIES = YES;
				CODE_SIGN_STYLE = Automatic;
				CURRENT_PROJECT_VERSION = 1;
				GENERATE_INFOPLIST_FILE = YES;
				MACOSX_DEPLOYMENT_TARGET = 12.3;
				MARKETING_VERSION = 1.0;
				PRODUCT_BUNDLE_IDENTIFIER = "io.github.hoeeeeeh.Tests-macOS";
				PRODUCT_NAME = "$(TARGET_NAME)";
				SDKROOT = macosx;
				SWIFT_EMIT_LOC_STRINGS = NO;
				SWIFT_VERSION = 5.0;
				TEST_TARGET_NAME = "MyTestApp (macOS)";
			};
			name = Debug;
		};
		A5F094932866B9C7004D2B77 /* Release */ = {
			isa = XCBuildConfiguration;
			buildSettings = {
				ALWAYS_EMBED_SWIFT_STANDARD_LIBRARIES = YES;
				CODE_SIGN_STYLE = Automatic;
				CURRENT_PROJECT_VERSION = 1;
				GENERATE_INFOPLIST_FILE = YES;
				MACOSX_DEPLOYMENT_TARGET = 12.3;
				MARKETING_VERSION = 1.0;
				PRODUCT_BUNDLE_IDENTIFIER = "io.github.hoeeeeeh.Tests-macOS";
				PRODUCT_NAME = "$(TARGET_NAME)";
				SDKROOT = macosx;
				SWIFT_EMIT_LOC_STRINGS = NO;
				SWIFT_VERSION = 5.0;
				TEST_TARGET_NAME = "MyTestApp (macOS)";
			};
			name = Release;
		};
/* End XCBuildConfiguration section */

/* Begin XCConfigurationList section */
		A5F094562866B9C6004D2B77 /* Build configuration list for PBXProject "MyTestApp" */ = {
			isa = XCConfigurationList;
			buildConfigurations = (
				A5F094862866B9C7004D2B77 /* Debug */,
				A5F094872866B9C7004D2B77 /* Release */,
			);
			defaultConfigurationIsVisible = 0;
			defaultConfigurationName = Release;
		};
		A5F094882866B9C7004D2B77 /* Build configuration list for PBXNativeTarget "MyTestApp (iOS)" */ = {
			isa = XCConfigurationList;
			buildConfigurations = (
				A5F094892866B9C7004D2B77 /* Debug */,
				A5F0948A2866B9C7004D2B77 /* Release */,
			);
			defaultConfigurationIsVisible = 0;
			defaultConfigurationName = Release;
		};
		A5F0948B2866B9C7004D2B77 /* Build configuration list for PBXNativeTarget "MyTestApp (macOS)" */ = {
			isa = XCConfigurationList;
			buildConfigurations = (
				A5F0948C2866B9C7004D2B77 /* Debug */,
				A5F0948D2866B9C7004D2B77 /* Release */,
			);
			defaultConfigurationIsVisible = 0;
			defaultConfigurationName = Release;
		};
		A5F0948E2866B9C7004D2B77 /* Build configuration list for PBXNativeTarget "Tests iOS" */ = {
			isa = XCConfigurationList;
			buildConfigurations = (
				A5F0948F2866B9C7004D2B77 /* Debug */,
				A5F094902866B9C7004D2B77 /* Release */,
			);
			defaultConfigurationIsVisible = 0;
			defaultConfigurationName = Release;
		};
		A5F094912866B9C7004D2B77 /* Build configuration list for PBXNativeTarget "Tests macOS" */ = {
			isa = XCConfigurationList;
			buildConfigurations = (
				A5F094922866B9C7004D2B77 /* Debug */,
				A5F094932866B9C7004D2B77 /* Release */,
			);
			defaultConfigurationIsVisible = 0;
			defaultConfigurationName = Release;
		};
/* End XCConfigurationList section */
	};
	rootObject = A5F094532866B9C6004D2B77 /* Project object */;
}
